
Microsoft Visual Studio Solution File, Format Version 12.00
# Visual Studio Version 16
VisualStudioVersion = 16.0.29709.97
MinimumVisualStudioVersion = 10.0.40219.1
Project("{FAE04EC0-301F-11D3-BF4B-00C04F79EFBC}") = "Praktika1z2", "Praktika1z2\Praktika1z2.csproj", "{BAC1266A-950C-4262-9A39-850A78D31BBF}"
EndProject
Global
	GlobalSection(SolutionConfigurationPlatforms) = preSolution
		Debug|Any CPU = Debug|Any CPU
		Release|Any CPU = Release|Any CPU
	EndGlobalSection
	GlobalSection(ProjectConfigurationPlatforms) = postSolution
		{BAC1266A-950C-4262-9A39-850A78D31BBF}.Debug|Any CPU.ActiveCfg = Debug|Any CPU
		{BAC1266A-950C-4262-9A39-850A78D31BBF}.Debug|Any CPU.Build.0 = Debug|Any CPU
		{BAC1266A-950C-4262-9A39-850A78D31BBF}.Release|Any CPU.ActiveCfg = Release|Any CPU
		{BAC1266A-950C-4262-9A39-850A78D31BBF}.Release|Any CPU.Build.0 = Release|Any CPU
	EndGlobalSection
	GlobalSection(SolutionProperties) = preSolution
		HideSolutionNode = FALSE
	EndGlobalSection
	GlobalSection(ExtensibilityGlobals) = postSolution
		SolutionGuid = {3F9CDFA6-E9A0-4CAF-BEF4-62C6EA9AD123}
	EndGlobalSection
EndGlobal
